# THIS IS AN AUTOGENERATED FILE. DO NOT EDIT THIS FILE DIRECTLY.
assets/ATF-C-M.jpg:
  development: 2018-04-13T14:42:07-05:00   fd567abcf15045fea5820f3493c2347d
assets/ATF-C.jpg:
  development: 2018-04-13T14:42:08-05:00   7d418bc88bdee7119e78f9af320ca656
assets/ATF-E-M-2.jpg:
  development: 2018-04-13T14:42:08-05:00   765a375bf57a90ab0e0788b853118552
assets/ATF-E.jpg:
  development: 2018-04-13T14:42:08-05:00   9b20067ed2c7b07b4ccc15ced513885b
assets/About-Us.jpg:
  development: 2018-04-13T14:42:08-05:00   e6209b37d86d6362a4388bb67162910e
assets/BuzzFeed.png:
  development: 2018-04-13T14:42:08-05:00   3e66d5de2f54e014b49302e78671ca51
assets/Endorsed(M2).jpg:
  development: 2018-04-13T14:42:09-05:00   b893c513a0a24146bad67a54ea7538ad
assets/Endorsed(W2).jpg:
  development: 2018-04-13T14:42:09-05:00   1a9fb58aae1eca0ad89ca7a20cf7c9b1
assets/F_icon.svg.png:
  development: 2018-04-13T14:42:09-05:00   b6ee2703ae0dd1a12cb44a91c1124959
assets/Flats-Icon.svg:
  development: 2018-04-13T14:42:09-05:00   57aae8d4331c545cdf280e2fb67496d2
assets/Gekks-Favicon.png:
  development: 2018-04-13T14:42:09-05:00   142f9246ff0aa4a424972edd08e57b62
assets/Gekks-Icon-Flats_NEW.png:
  development: 2018-04-13T14:42:10-05:00   2ee6c7f60871541fd22cb732dcabdc85
assets/Gekks-Icon-Heel_NEW.png:
  development: 2018-04-13T14:42:10-05:00   b4ed3b092abd46df0b31ce2fdde5a76d
assets/Gekks-Icon-Heels-Socks.png:
  development: 2018-04-13T14:42:10-05:00   1b75fd11d04fb6180dd7c2a27c3773e4
assets/Gekks-Icon-Loafer_NEW.png:
  development: 2018-04-13T14:42:10-05:00   4d655ae65b9abe58b2a99e5e0b6d148c
assets/Gekks-Icon-Sneaker_NEW.png:
  development: 2018-04-13T14:42:10-05:00   be783b25e49ddab34fe2acd202363ab8
assets/Gekks-Icons-Bag.png:
  development: 2018-04-13T14:42:10-05:00   e36019200b3392afbac91e3a2223aec9
assets/Gekks-Icons-closet-pack_1.png:
  development: 2018-04-13T14:42:11-05:00   d393ea51282aa2733a59d4d9b68544e0
assets/Gekks-Icons-closet-pack_3.png:
  development: 2018-04-13T14:42:11-05:00   e55db5f864031a8e39138223b30fe92a
assets/Gekks-Icons-closet-pack_5.png:
  development: 2018-04-13T14:42:11-05:00   595c1d5840c5d637d6808c402c00ae41
assets/Gekks-Icons-flat.png:
  development: 2018-04-13T14:42:11-05:00   5899000b272ea99ebc7660f41141f95b
assets/Gekks-Icons-heel.png:
  development: 2018-04-13T14:42:11-05:00   8de7e63ac6d93f472843f55bafc2d758
assets/Gekks-Icons-heel_1.png:
  development: 2018-04-13T14:42:12-05:00   f2688dcfb4038fd4b29feb7154240b48
assets/Gekks-Icons-loafer.png:
  development: 2018-04-13T14:42:12-05:00   9815f942a42502b8501d5224428ecbf1
assets/Gekks-Icons-loafer2.png:
  development: 2018-04-13T14:42:12-05:00   7cc383ae5f8809bec43cb725ae6bdb33
assets/Gekks-Icons-sneaker.png:
  development: 2018-04-13T14:42:12-05:00   5424bb5c7f5fa43a17c5928afb990159
assets/Gekks-Icons-sneaker2.png:
  development: 2018-04-13T14:42:12-05:00   eb135b8fb29756f2e2daa86a3b5a4138
assets/Gekks-Icons.png:
  development: 2018-04-13T14:42:12-05:00   3608333ff837fec4f7c80a295947adb1
assets/Gekks-Interactive-Icon-Closet-Pack.png:
  development: 2018-04-13T14:42:13-05:00   d25993d7b1afc7e2bd07d07e6030883a
assets/HIW-landing.jpg:
  development: 2018-04-13T14:42:13-05:00   2dd9cb12907b8c1308ca3310227dedab
assets/Holiday-Regular.woff:
  development: 2018-04-13T14:42:13-05:00   bd737c6dcfa85d3d43128f6e9c3769c1
assets/Icon-Shoe-Smell.gif:
  development: 2018-04-13T14:42:13-05:00   28efa14cba99e027211b8a8c587b797a
assets/Icon-ballet-results.png:
  development: 2018-04-13T14:42:13-05:00   2f459cf78d285070f6f3b52a9f7de819
assets/Icon-blister.png:
  development: 2018-04-13T14:42:13-05:00   4ba53c43a437438fbd4687f8d6c79690
assets/Icon-blister.svg:
  development: 2018-04-13T14:42:14-05:00   cd114cead16ba88798840b7be9f0b559
assets/Icon-flats.png:
  development: 2018-04-13T14:42:14-05:00   8a541f56f841a800e8d449e7553bff3c
assets/Icon-loafers-results.png:
  development: 2018-04-13T14:42:14-05:00   163cd938d6498403ced18490214aa416
assets/Icon-loafers.png:
  development: 2018-04-13T14:42:14-05:00   06df155448f9e8a2c27a70fb1593771a
assets/Icon-loafers.svg:
  development: 2018-04-13T14:42:14-05:00   be40a7664c064c41c5116eb5bcec9eea
assets/Icon-man.png:
  development: 2018-04-13T14:42:14-05:00   e9c8a604ba4073787074d3df240eaf7e
assets/Icon-man.svg:
  development: 2018-04-13T14:42:15-05:00   613ef8cb0e5179bc045f5f5d5e0b9fc3
assets/Icon-smell.png:
  development: 2018-04-13T14:42:15-05:00   070c6b2bc5f0f0e6231a2e55e5662e0a
assets/Icon-sneakers-results.png:
  development: 2018-04-13T14:42:15-05:00   8f7ff7b0128af8260a8a0a6915e80b20
assets/Icon-sneakers.png:
  development: 2018-04-13T14:42:15-05:00   d4c4e9b8a5da732be81c428e87985e8e
assets/Icon-sneakers.svg:
  development: 2018-04-13T14:42:15-05:00   d2c3860fc7c947016d1642b2982b62a4
assets/Icon-sock-adjust.png:
  development: 2018-04-13T14:42:15-05:00   8edaeafc846cb95532b535fde6d6859a
assets/Icon-sock-drawer.png:
  development: 2018-04-13T14:42:16-05:00   65ebd5fff78c306b4c7bb046cd923837
assets/Icon-woman.png:
  development: 2018-04-13T14:42:16-05:00   7e3a681d00e94e6a98d85664f0951ce3
assets/Icon-woman.svg:
  development: 2018-04-13T14:42:16-05:00   6d0877ced8672f3ae5b0387acd4a7b1e
assets/Logo-New-small.png:
  development: 2018-04-13T14:42:16-05:00   fe093ab73efc66766df369c814e85815
assets/Montserrat-Black.eot:
  development: 2018-04-13T14:42:17-05:00   0c3a8efca7f9267b34e238b7d50d0f24
assets/Montserrat-Black.ttf:
  development: 2018-04-13T14:42:17-05:00   6d1796a9f798ced8961baf3c79f894b6
assets/Montserrat-Black.woff:
  development: 2018-04-13T14:42:18-05:00   1a64b3072ab979751d5b1efc4415948d
assets/Montserrat-Bold.eot:
  development: 2018-04-13T14:42:18-05:00   2076928be36e8d9007eac3b594bfef48
assets/Montserrat-Bold.ttf:
  development: 2018-04-13T14:42:18-05:00   cf5a5404da9665a10776d272790a504c
assets/Montserrat-Bold.woff:
  development: 2018-04-13T14:42:19-05:00   2591c5745db4449a38638281ea773dbf
assets/Montserrat-Light.eot:
  development: 2018-04-13T14:42:19-05:00   c0ba9e0ade84f99b1f16e8b99c9e95ac
assets/Montserrat-Light.ttf:
  development: 2018-04-13T14:42:19-05:00   560cc9374f4af61a836d02d0276c3d72
assets/Montserrat-Light.woff:
  development: 2018-04-13T14:42:19-05:00   1da8a37d2369ca5fecbfe516a9dfbe08
assets/Montserrat-Medium.otf:
  development: 2018-04-13T14:42:20-05:00   8193d2621f9394d8503bf7669a6b95b2
assets/Montserrat-Regular.eot:
  development: 2018-04-13T14:42:20-05:00   0c35d4cbe02762ce3be24e79e38c9a38
assets/Montserrat-Regular.otf:
  development: 2018-04-13T14:42:20-05:00   91696e0984cfab74ff344325e5015da5
assets/Montserrat-Regular.ttf:
  development: 2018-04-13T14:42:21-05:00   f11a1e0f81812d47b690ecf87d86b47c
assets/Montserrat-Regular.woff:
  development: 2018-04-13T14:42:21-05:00   0e6803eeb55ea3293f82c3493d034309
assets/Montserrat-SemiBold.otf:
  development: 2018-04-13T14:42:21-05:00   93f1c8c07b68e5bae1d9b8398a485715
assets/Montserrat-Thin.otf:
  development: 2018-04-13T14:42:22-05:00   85332c68522ec1841e4022cdb4337368
assets/Timelinefinal1.gif:
  development: 2018-04-13T14:42:24-05:00   1ffed983628fb9bf288a57adfd43f43a
assets/VOGUE-quote.jpg:
  development: 2018-04-13T14:42:24-05:00   b764853e1068a6a20ae2fb872d4a3413
assets/about-us-desktop.jpg:
  development: 2018-04-13T14:42:24-05:00   0853ae8170de37405fcb30887a7f33e8
assets/about-us-desktop2.jpg:
  development: 2018-04-13T14:42:25-05:00   7a7cdf849d1122b0d81ef76c8e0ddaa5
assets/about-us-mobile.jpg:
  development: 2018-04-13T14:42:25-05:00   76a5436158e9b3146e7c99bc89b5b25e
assets/about-us-mobile2.jpg:
  development: 2018-04-13T14:42:26-05:00   fc23a574f1d17dee017accd5a7bdd8f0
assets/ajax-cart.js.liquid:
  development: 2018-04-13T14:42:26-05:00   5b2a60fae56127b115a73a289d94f685
assets/amazon.jpg:
  development: 2018-04-13T14:42:26-05:00   a606f8816c6b34295dbb758091cebf86
assets/amazon.png:
  development: 2018-04-13T14:42:26-05:00   8c5f18d88a4d5a9728e8abcbab6c88c8
assets/apple.png:
  development: 2018-04-13T14:42:26-05:00   134d29f88ebed5dc1464689eb1330a8f
assets/arrow.png:
  development: 2018-04-13T14:42:27-05:00   9a4855e1b0782cb506431a5e3edad501
assets/autocomplete.js:
  development: 2018-04-13T14:42:27-05:00   160235966ccf5e274ea3f4b37947939e
assets/backheel2.png:
  development: 2018-04-13T14:42:29-05:00   ca92776d769c273cef145940bc10c69b
assets/backheel3.png:
  development: 2018-04-13T14:42:29-05:00   9a28dfd2bd833a7d792025e5f85a566b
assets/balletflaticon.png:
  development: 2018-04-13T14:42:29-05:00   2181eb97ed3cb6f1f74abfb89c3c19de
assets/barefoot.jpg:
  development: 2018-04-13T14:42:30-05:00   06771f8de728e997b721d91072093646
assets/blackfriday.gif:
  development: 2018-04-13T14:42:30-05:00   078bcb4502d6c29c3dfef22f9cb0d688
assets/blank.png:
  development: 2018-04-13T14:42:30-05:00   767251778b59337871564ef9137136f8
assets/blogo-min.png:
  development: 2018-04-13T14:42:31-05:00   8c9669662993a37e085b0c20d281e5fa
assets/blogo-q-white.png:
  development: 2018-04-13T14:42:31-05:00   eb8dea8c4406192522686cad9d00bc41
assets/blogo-q.png:
  development: 2018-04-13T14:42:31-05:00   87942c5d0d9b8c866cc17c7336338565
assets/blogo-white.png:
  development: 2018-04-13T14:42:31-05:00   a1e3ab4bcf3b649a2f6ae0a650d86fac
assets/blogo.png:
  development: 2018-04-13T14:42:32-05:00   97c38962939a1f2b510bb28f4c48aaa8
assets/c-noshow.jpg:
  development: 2018-04-13T14:42:32-05:00   c5109078befb8daf376af592b781e6a1
assets/checkmark.png:
  development: 2018-04-13T14:42:32-05:00   c8727473fdef6dd0d6c8c732c16c38d1
assets/checkout.scss.liquid:
  development: 2018-04-13T14:42:32-05:00   fc41b47d6c0fe5673cbc97d33caec6e8
assets/coll-review.jpg:
  development: 2018-04-13T14:42:32-05:00   5bb8da488e5de3d7863e5d28388fcbff
assets/coll-reviews-m1.jpg:
  development: 2018-04-13T14:42:33-05:00   1f3694939c54531ab0fc58b6295c702e
assets/coll-reviews2.jpg:
  development: 2018-04-13T14:42:33-05:00   d81a5b9ded70a4d729c118adf82617c3
assets/collections-closetW.png:
  development: 2018-04-13T14:42:33-05:00   eadc7695e0d46b8fafbc33d8bac3b71c
assets/conversesneaker.png:
  development: 2018-04-13T14:42:33-05:00   0f91407b6d3ca27d200a892bec966027
assets/cookies.js:
  development: 2018-04-13T14:42:33-05:00   3db96a91a489a2bba00a13042895f8c0
assets/custom.jquery.js:
  development: 2018-04-25T13:52:11-05:00   0ca67ac8534c63b2ec78b4ac83f3306f
assets/custom.scss.liquid:
  development: 2018-04-26T15:10:09-05:00   891d89956056e293a5fcc7894d8ff7f5
assets/customcheckout.js:
  development: 2018-04-25T10:44:32-05:00   f99fdc16ba519408044a9e5a9e5a5ede
assets/cybermonday.gif:
  development: 2018-04-13T14:42:34-05:00   b9cf129121d8835cefddef5d0ec4ff31
assets/email-contact-hi.jpg:
  development: 2018-04-13T14:42:35-05:00   8baa27c3c274f91d00db374315fbde72
assets/email-heel.jpg:
  development: 2018-04-13T14:42:35-05:00   b2d327db9072cfd83bd53092687721aa
assets/endorsed-men.jpg:
  development: 2018-04-13T14:42:35-05:00   3d0e971f0c7edc80a7940db526003cbf
assets/endorsed.jpg:
  development: 2018-04-13T14:42:35-05:00   d84f283902a257866d2e6e564c7dd47e
assets/examiner.jpg:
  development: 2018-04-13T14:42:35-05:00   0a6071de0875d04c131d4c73acec90a4
assets/faq-shoe.png:
  development: 2018-04-13T14:42:36-05:00   6309c069f9f059d217eb3db162914181
assets/fb.png:
  development: 2018-04-13T14:42:36-05:00   62b490316e6c4006a0a56393ac0ffdd2
assets/foot-powder.jpg:
  development: 2018-04-13T14:42:36-05:00   d0525b15dcfb75a9d0ecd3ea5fcd4636
assets/front-tongue.jpg:
  development: 2018-04-13T14:42:37-05:00   0489df7da4c5920256386745189788e7
assets/front-tongue2.png:
  development: 2018-04-13T14:42:37-05:00   4ae37fe93ac9d18ed5d947a7f00aa7a4
assets/gekks1a.jpg:
  development: 2018-04-13T14:42:37-05:00   2b443dc4e16c3d6f22272f2e79140908
assets/gekks3.jpg:
  development: 2018-04-13T14:42:37-05:00   b285390b09ebeb22b2dd842fe3797d4c
assets/gekks4.jpg:
  development: 2018-04-13T14:42:37-05:00   38817225081721897182271d03feb841
assets/gekksloading.gif:
  development: 2018-04-13T14:42:38-05:00   6b5039215b4f81ad0951ce86c5a8a161
assets/gripper-icon.jpg:
  development: 2018-04-13T14:42:38-05:00   8113233a45720c51dbd47a4e5184e269
assets/handlebars.min.js:
  development: 2018-04-13T14:42:38-05:00   b3c11508a224ee83f86e2fc6491e9751
assets/howitworkslanding.jpg:
  development: 2018-04-13T14:42:38-05:00   4aec74a7873a4f2e75a2ccca71643582
assets/icon-mens-closet.png:
  development: 2018-04-13T14:42:38-05:00   426863521b21c3f83a994fa76dee4617
assets/icons-nose-animation.gif:
  development: 2018-04-13T14:42:39-05:00   2bbc1ba51f1b80e955e7e64b68e408b9
assets/icons.png:
  development: 2018-04-13T14:42:39-05:00   17d2d794600f7985b688bf1b72d3c2db
assets/icons@2x.png:
  development: 2018-04-13T14:42:39-05:00   c96fb09e853fc4ccf9e28982963919f6
assets/ig.png:
  development: 2018-04-13T14:42:39-05:00   6ad929bc0912376b2071eb0b20f2fd4b
assets/instagram-new-icon.png:
  development: 2018-04-13T14:42:40-05:00   682b137b62f757795fa26267fee408c4
assets/interactive-background.jpg:
  development: 2018-04-13T14:42:40-05:00   fe469b6dd1e243cc9faa3db1556c85f0
assets/jquery.cycle2.min.js:
  development: 2018-04-13T14:42:40-05:00   90c020edb096355fd0f40be409b5f76a
assets/jquery.easing.1.3.min.js:
  development: 2018-04-13T14:42:40-05:00   7e23a704553e439a2d70a0fea35757b4
assets/jquery.min.js:
  development: 2018-04-13T14:42:40-05:00   e0e0559014b222245deb26b6ae8bd940
assets/jquery.minimalect.min.js:
  development: 2018-04-13T14:42:41-05:00   b28d3559577b121d39c9d5722043a420
assets/kempt.jpg:
  development: 2018-04-13T14:42:41-05:00   7951b85df661e999adaa73ab4e56adc3
assets/klaviyo.js:
  development: 2018-04-26T12:08:26-05:00   567ba03f0a5ad73d366fa96511ddb41d
assets/l-noshow.jpg:
  development: 2018-04-13T14:42:41-05:00   0616cf46a2195c83ae3d0958c929ff6c
assets/m-how-it-works.jpg:
  development: 2018-04-13T14:42:41-05:00   38a4005df39a5f293b358e8bf3e880d3
assets/m-men.jpg:
  development: 2018-04-13T14:42:42-05:00   ea7b5815f4468377df0a876a1d3c1470
assets/m-our-story.jpg:
  development: 2018-04-13T14:42:42-05:00   cf3af0c1aed8ca7d64e69ad42e6fc720
assets/m-women.jpg:
  development: 2018-04-13T14:42:42-05:00   f65526d0fa943f4cca62b91691da5635
assets/main.js.liquid:
  development: 2018-04-13T14:42:42-05:00   6a3daa3ce96cf4dda01a553afadec56e
assets/map-pin-lightblue2.png:
  development: 2018-04-13T14:42:42-05:00   54f374ad1d052b2347207524f26e22bd
assets/maxim.jpg:
  development: 2018-04-13T14:42:43-05:00   3e35bfc9f6e5094337b347ab4ea285b7
assets/maxim.png:
  development: 2018-04-13T14:42:43-05:00   2b4a0036ce2c45e757d8423df1376c86
assets/men-masonry.jpg:
  development: 2018-04-13T14:42:43-05:00   ba694b1e3a13ccb39792e06cd53f4bda
assets/men-review-m2.png:
  development: 2018-04-13T14:42:43-05:00   e73844e145bcaaf4bd807788acfdc0ec
assets/men-reviews-des.png:
  development: 2018-04-13T14:42:43-05:00   97dd96b584a9422fad335cfe6ee19008
assets/men-reviews-m1.png:
  development: 2018-04-13T14:42:43-05:00   ed63e0ba28abacde09bdacac57746411
assets/mensclosetpackicon.png:
  development: 2018-04-13T14:42:44-05:00   5b2d9c0906a6ed5f5dde735fc665cd03
assets/mensloafericon.png:
  development: 2018-04-13T14:42:44-05:00   d6ee84e74f76650a0edad5587eb79e61
assets/mensneakericon.png:
  development: 2018-04-13T14:42:44-05:00   d6ee84e74f76650a0edad5587eb79e61
assets/modernizr.min.js:
  development: 2018-04-13T14:42:44-05:00   dc21cffad945a84cbbe770d52b1a0ded
assets/moisture-wicking.png:
  development: 2018-04-13T14:42:45-05:00   5d6b01b9a069e420bf1eed742153d6ca
assets/nantucket.jpg:
  development: 2018-04-13T14:42:45-05:00   8f2ea2eebccac1edc38455bcc82ae82b
assets/nav-arrow.png:
  development: 2018-04-13T14:42:45-05:00   6ddc0627e5bb7a8cff66ae26d1e6aa85
assets/neb.jpg:
  development: 2018-04-13T14:42:45-05:00   d38d42d14f624d81824f3d6b555620d3
assets/new-cart.png:
  development: 2018-04-13T14:42:45-05:00   206cb9c1a1c97764eec23b0dc7b67705
assets/no-show.png:
  development: 2018-04-13T14:42:48-05:00   ccb3a852d134520050cc832d1eb3fa58
assets/nude.png:
  development: 2018-04-13T14:42:48-05:00   a8cb64bfd3ae607fbd91beda945957d1
assets/ny-banner.jpg:
  development: 2018-04-13T14:42:49-05:00   ebed2e6733ae5d07cb56171f57de035b
assets/odor-killing.png:
  development: 2018-04-13T14:42:57-05:00   c7d17cf807d790ab1c220e9c4a812add
assets/our-story-i.jpg:
  development: 2018-04-13T14:42:57-05:00   156d0f19630dcc6ab8ca7856212ac96b
assets/ourstory.jpg:
  development: 2018-04-13T14:42:57-05:00   8ac2aba14bee2c7dfb40f9cc7bddcda9
assets/paypal.png:
  development: 2018-04-13T14:42:58-05:00   cc195de172b8db0cbdd24fa714a0f0fe
assets/pin.png:
  development: 2018-04-13T14:42:58-05:00   a60091c260834ba23f6563b44c4891cf
assets/pinterest.png:
  development: 2018-04-13T14:42:58-05:00   577b7b1d09dda889927ba92d9ff0581f
assets/placeholder.png:
  development: 2018-04-13T14:42:58-05:00   c5f6f627efb288bf4ecbed60f35d6383
assets/pop-up.jpg:
  development: 2018-04-13T14:42:58-05:00   00aa93cee6a3203fe34363d3e4615774
assets/preview-email-header.png:
  development: 2018-04-13T14:42:59-05:00   bf8df575161a7cb49308c5c83d635905
assets/quote-blue.png:
  development: 2018-04-13T14:42:59-05:00   34c5938576244576e6bd5b28dadc6c7c
assets/quote-gray.png:
  development: 2018-04-13T14:42:59-05:00   69446cf7996f81732c799d90621b9fe1
assets/reg-sock.jpg:
  development: 2018-04-13T14:42:59-05:00   39b3abcdb6076581652023c3b0df4b8f
assets/reg-socks1.png:
  development: 2018-04-13T14:43:00-05:00   4ad34ab25fb88281a84a3bd87d09a2c0
assets/reviews.css.liquid:
  development: 2018-04-13T14:43:00-05:00   4eb6949c3e43c316b0fa62994f2529db
assets/she_finds.jpg:
  development: 2018-04-13T14:43:00-05:00   37bd96a3617c150c002c6cbf05499f40
assets/shopmen.jpg:
  development: 2018-04-13T14:43:00-05:00   74183881e8af53b40923f2219f20648d
assets/shopwomen.jpg:
  development: 2018-04-13T14:43:00-05:00   6d276116e9c75b85bc15c91a9ffa5651
assets/shopwomen1.jpg:
  development: 2018-04-13T14:43:01-05:00   56885b07ce500e275382fe76ff0fdc9a
assets/simple.png:
  development: 2018-04-13T14:43:01-05:00   1b70d55b8eba7e6ad53bfe1fabd1f597
assets/slick.min.js:
  development: 2018-04-13T14:43:01-05:00   b53bdfc29e18f4d493d775a8023fbdc8
assets/sneaker-neon.png:
  development: 2018-04-13T14:43:02-05:00   3b40ab4e3d3bce35fe9d7df648ec1f06
assets/soldout.png:
  development: 2018-04-13T14:43:03-05:00   6a7697db19e17aae7568e216c2b365af
assets/sole-gripper.png:
  development: 2018-04-13T14:43:03-05:00   3caecb1cf30d393aa9c97c6621c08ff3
assets/solution4.gif:
  development: 2018-04-13T14:43:03-05:00   219af1f0d5322897c27ce16f4c438c27
assets/store-locator.js.liquid:
  development: 2018-04-13T14:43:03-05:00   0dbc8bd2c464abbc782c3d666d9798aa
assets/stores.json:
  development: 2018-04-13T14:43:04-05:00   525338250fe1b229a331b39b70bb74a7
assets/style.css.liquid:
  development: 2018-04-13T14:43:04-05:00   cc10bb9ba03ad37054612dfcc531a42f
assets/suburban.jpg:
  development: 2018-04-13T14:43:04-05:00   f469ce98fc6e28395dd7eb716d154541
assets/supercompressor.jpg:
  development: 2018-04-13T14:43:04-05:00   cc917b61ea3b713430a2b0aadff546c7
assets/teenvogue.png:
  development: 2018-04-13T14:43:04-05:00   7a4dda4d0187c816e652f277a59144f1
assets/telephone.png:
  development: 2018-04-13T14:43:05-05:00   a65306911aa1c33387242e8567792982
assets/tfm.jpg:
  development: 2018-04-13T14:43:05-05:00   606de09b286ddf14ee2ccc06fd6da805
assets/truck.png:
  development: 2018-04-13T14:43:05-05:00   9adcdb20fa843616c42213b056a4408c
assets/updated-be.gif:
  development: 2018-04-13T14:43:07-05:00   424406389cdf07f051ee9752e78d1b9a
assets/video-poster.jpg:
  development: 2018-04-13T14:43:07-05:00   5adf606d8a112d885998b4cfef376918
assets/vogue.jpg:
  development: 2018-04-13T14:43:07-05:00   d941b9d5979ebb778db945ae9dbc7275
assets/vogue.png:
  development: 2018-04-13T14:43:07-05:00   f1678db0d9696f634561c5c3615d798d
assets/womenloafericon.png:
  development: 2018-04-13T14:43:07-05:00   c792a76c6d0f0491678f9b8e69ba006f
assets/womensclosetpack.png:
  development: 2018-04-13T14:43:08-05:00   6ad03147114809e066f0d86c1521a9da
assets/womensneakericon.png:
  development: 2018-04-13T14:43:08-05:00   dda12bb0eb542ea7d219610c256ae50f
assets/www.jpg:
  development: 2018-04-13T14:43:08-05:00   85e6d42efc6b1facc3615f41e48e229d
config/settings_data.json:
  development: 2018-04-13T14:43:11-05:00   9c558e655cf422cd6972dbb11e0ce070
config/settings_schema.json:
  development: 2018-04-13T14:43:11-05:00   af54bea98f726a7373142cde20f0e6f6
layout/checkout.liquid:
  development: 2018-04-13T14:43:08-05:00   c59601e1b3d6bc2ca0f4cad6363084f2
layout/theme.flow.liquid:
  development: 2018-04-13T14:43:08-05:00   21bbc25666e348e49a7dfb37d12e0963
layout/theme.liquid:
  development: 2018-04-30T17:12:05-05:00   17ab51d851a66652c3b358818173802d
layout/theme.series.liquid:
  development: 2018-04-13T14:43:08-05:00   dbf9aa41f3eceea9f12b260e026d58e8
locales/en.default.json:
  development: 2018-04-13T14:43:08-05:00   7b92b6eb9101e16c07e6a0fa6645c2c8
sections/collection-template.liquid:
  development: 2018-04-13T14:42:07-05:00   171d83eda7246bb7e86953ea028b8676
sections/product-template.liquid:
  development: 2018-04-13T14:42:07-05:00   324c41d1b370ae1acf6872011fbab3dc
snippets/account-menu.liquid:
  development: 2018-04-13T14:43:08-05:00   812bda7b884115a6251d066ac15b94b9
snippets/ajax-cart-template.liquid:
  development: 2018-04-13T14:43:08-05:00   a4146e95e1ca210caebf6030b589e0cf
snippets/ajaxify-cart.liquid:
  development: 2018-04-13T14:43:08-05:00   17d217c23592c548500323bdcf6b04bc
snippets/blog-comment.liquid:
  development: 2018-04-13T14:43:08-05:00   7a99e4b0f8f5bd2d141813e923aeafdf
snippets/cart-shipping-calculator.liquid:
  development: 2018-04-13T14:43:08-05:00   95674af22b787525d079ae02c0f8e5ae
snippets/collection-listing.liquid:
  development: 2018-04-13T14:43:08-05:00   e7fe3c5524fd9dbe56443053808a93c8
snippets/collection-template.liquid:
  development: 2018-04-13T14:43:08-05:00   a05eeb59a150e5321acdd511ffe5251a
snippets/currencies-list.liquid:
  development: 2018-04-13T14:43:09-05:00   81b53945c63412246ffa9c6b502e1be1
snippets/currencies-script.liquid:
  development: 2018-04-13T14:43:09-05:00   f22bb40ab86f45c53b597a0ad51b98ed
snippets/head-fb-open-graph.liquid:
  development: 2018-04-13T14:43:09-05:00   38e2d3a965bd65b226cd129041e9764b
snippets/head-script-imgload.liquid:
  development: 2018-04-13T14:43:09-05:00   c471f3ccd648edb2dafba1471cca3644
snippets/klaviyo-pop.liquid:
  development: 2018-05-02T10:53:43-05:00   9e4729db5b0024b4139d1e8ae752dfc6
snippets/linked-options.liquid:
  development: 2018-04-13T14:43:09-05:00   de52ba5421f3d8b58e9f600808467d65
snippets/locator.liquid:
  development: 2018-04-13T14:43:09-05:00   382048a39d7eb39f5a7d3d9fd407aca1
snippets/locksmith.liquid:
  development: 2018-04-13T14:43:09-05:00   9457043e40fea12c153fc73a69296cfd
snippets/mk-option-selection.liquid:
  development: 2018-04-13T14:43:09-05:00   6829057b2840b2dbb515d3b9e2ed46e6
snippets/mk-shopify-min-price.liquid:
  development: 2018-04-13T14:43:09-05:00   b369eadd4bb2deb8409aea5ba9cc029d
snippets/pagination.liquid:
  development: 2018-04-13T14:43:09-05:00   422c025a6d2cef526b1c40f6c126c109
snippets/product-add-to-cart.liquid:
  development: 2018-04-13T14:43:09-05:00   20d381bf87dafa61b54311a5bf1d5279
snippets/product-form.liquid:
  development: 2018-04-13T14:43:09-05:00   685e63f947f9132ecd73614bfdf1f88a
snippets/product-grid-item.liquid:
  development: 2018-04-13T14:43:09-05:00   99467e08378962e5b3a9b8f70396ec7c
snippets/product-pagination.liquid:
  development: 2018-04-13T14:43:09-05:00   99679452c5f31b321252a1a02e94c519
snippets/product-quick-view.liquid:
  development: 2018-04-13T14:43:09-05:00   83180dd2f7b9ce95dc1a22d759840de9
snippets/products-recently-viewed.liquid:
  development: 2018-04-13T14:43:09-05:00   3e479bb2170cb9327c9ef5dff14eaa61
snippets/quick-order.liquid:
  development: 2018-04-13T14:43:09-05:00   fb18f46d1704be35255a7029812788af
snippets/referafriend.liquid:
  development: 2018-04-13T14:43:09-05:00   bd906d12a0090daaa438872bbb41c164
snippets/remove-sold-out.liquid:
  development: 2018-04-13T14:43:09-05:00   bf51fdafc184ab4f9b280b3b18103e8c
snippets/search-grid-item.liquid:
  development: 2018-04-13T14:43:09-05:00   7b15cb4575a332525d1fb2e3cb05c5db
snippets/section-order.liquid:
  development: 2018-04-13T14:43:09-05:00   a43d1b099bde11aa0f3a9dfbd87fa45a
snippets/shappify-qb-min-price.liquid:
  development: 2018-04-13T14:43:09-05:00   b369eadd4bb2deb8409aea5ba9cc029d
snippets/shappify-qb-no-select.liquid:
  development: 2018-04-13T14:43:09-05:00   8bf5b9138b06f6b0fbc63b2ff0e2accb
snippets/social-sharing.liquid:
  development: 2018-04-13T14:43:09-05:00   fb6aa2e694965210aba67cea278943e6
snippets/spurit_po-cart-snippet.liquid:
  development: 2018-04-13T14:43:09-05:00   400c85b39e9d8adf41a1eded0319ee0f
snippets/spurit_po-collection-list-snippet.liquid:
  development: 2018-04-13T14:43:09-05:00   f42ee67876d767844b9a3a9177e98613
snippets/spurit_po-collection-snippet.liquid:
  development: 2018-04-13T14:43:10-05:00   d571680db57ce243dd606e46df73a160
snippets/spurit_po-product-snippet.liquid:
  development: 2018-04-13T14:43:10-05:00   6cfa1e88362e3b22841ee794ec5c30ea
snippets/swatch.liquid:
  development: 2018-04-13T14:43:10-05:00   574b96e7cf2414450574df1953b343a4
templates/404.liquid:
  development: 2018-04-13T14:43:10-05:00   c59b95fb97b35950ffccb18cb113803f
templates/article.liquid:
  development: 2018-04-26T13:15:37-05:00   ce4a4d0579b83c0dba64aa4c31204110
templates/blog.liquid:
  development: 2018-04-13T14:43:10-05:00   9800da60c82491003e6d29bedd6f997b
templates/cart.liquid:
  development: 2018-04-13T14:43:10-05:00   ca45347b3e34f3678a9f879b5bf941f3
templates/collection.liquid:
  development: 2018-04-13T14:43:10-05:00   b6c3ecdb01d4b35d0c49e66aac9423e3
templates/customers/account.liquid:
  development: 2018-04-13T14:43:10-05:00   e0736c8e8f4b52af6f4471cdb18ee85c
templates/customers/activate_account.liquid:
  development: 2018-04-13T14:43:10-05:00   6911b0d3bcfa45e4534315a6d068c208
templates/customers/addresses.liquid:
  development: 2018-04-13T14:43:10-05:00   283218618f298e3af0bd0f8cb0573983
templates/customers/login.liquid:
  development: 2018-04-13T14:43:10-05:00   3c82ec94373f13de0ecf79b2a4990348
templates/customers/order.liquid:
  development: 2018-04-13T14:43:10-05:00   c2b7392096ff153c723715c691b2b440
templates/customers/register.liquid:
  development: 2018-04-13T14:43:10-05:00   134caabacca3cf1387913fa54d3a6587
templates/customers/reset_password.liquid:
  development: 2018-04-13T14:43:10-05:00   167365b7e66c30439521d9e6a31f1d86
templates/gift_card.liquid:
  development: 2018-04-13T14:43:10-05:00   b01bce4d6b8a5b4620b34ef67c99071c
templates/index.liquid:
  development: 2018-04-13T14:43:10-05:00   98bd5db47706b7d40e30b731e1e022f1
templates/page.about_us.liquid:
  development: 2018-04-13T14:43:10-05:00   2772621f14cdb5ae8830b719ba70af9d
templates/page.contact.liquid:
  development: 2018-04-13T14:43:10-05:00   e0ff65b553fbcf3e4dbd4c9170e3d6f3
templates/page.customize.liquid:
  development: 2018-04-13T14:43:10-05:00   38f7d2f7095f779a98d8b5852a473a28
templates/page.discounts.liquid:
  development: 2018-04-13T14:43:10-05:00   755660f701a5d8306ad74097b1bff7f1
templates/page.faq.liquid:
  development: 2018-04-13T14:43:10-05:00   c923ada5b7f993e8846e8dd2f55faba1
templates/page.gekks-in-action.liquid:
  development: 2018-04-13T14:43:10-05:00   d29a51ed35fc43ddc0906a94aa86e1f7
templates/page.gift-gekks.liquid:
  development: 2018-04-18T11:55:43-05:00   a5240473ff96c375e03acce46ee24e7f
templates/page.how_it_works.liquid:
  development: 2018-04-13T14:43:10-05:00   81bcedacd304188b10fe1cd2920bfd7f
templates/page.latest_news.liquid:
  development: 2018-04-13T14:43:10-05:00   8ec7f833936d393ccf629b66bc4ca1c5
templates/page.learn-more.liquid:
  development: 2018-04-13T14:43:10-05:00   9002f2d2253ad3fa0518643c8764a425
templates/page.liquid:
  development: 2018-04-13T14:43:11-05:00   83085130433313de9634a9d38ddb679f
templates/page.reviews.liquid:
  development: 2018-04-13T14:43:11-05:00   0a6739db8b3993cdc6729b366dbe9000
templates/page.series.liquid:
  development: 2018-04-13T14:43:11-05:00   ac5a7241f0f0c01779f040d1304231c4
templates/page.shop.liquid:
  development: 2018-04-13T14:43:11-05:00   805217e683e3c46f6f4de1d7a773b04e
templates/page.store.liquid:
  development: 2018-04-13T14:43:11-05:00   a6587b41f041ad7caf268bf04e714bde
templates/page.store_locator.liquid:
  development: 2018-04-13T14:43:11-05:00   d90bad8f3800094116fd376673253932
templates/page.talkable.liquid:
  development: 2018-04-13T14:43:11-05:00   95a1e8e9bebdc283e3723bc08d1762c0
templates/product-without-spurit_po.liquid:
  development: 2018-04-13T14:43:11-05:00   58c4bfbc699fff7fdec33515485af68e
templates/product.liquid:
  development: 2018-04-13T14:43:11-05:00   0862f12a1fb90a1abd24a6a170db4e93
templates/search.editorder.liquid:
  development: 2018-04-13T14:43:11-05:00   e2292039a60fd8392b9bbaafc08ee2d7
templates/search.liquid:
  development: 2018-04-13T14:43:11-05:00   06bc9dfa2b7d70ef0dcde8230e9508ed
